// !$*UTF8*$!
{
	archiveVersion = 1;
	classes = {
	};
	objectVersion = 56;
	objects = {

/* Begin PBXBuildFile section */
		A80100012F4A00010001 /* Assets.xcassets in Resources */ = {isa = PBXBuildFile; fileRef = A80100022F4A00020002 /* Assets.xcassets */; };
		A835B7F62F4163A300B5320F /* ChatInputBar.swift in Sources */ = {isa = PBXBuildFile; fileRef = A835B7F52F4163A300B5320F /* ChatInputBar.swift */; };
		A835B7F82F4163A900B5320F /* ModelDownloadOverlay.swift in Sources */ = {isa = PBXBuildFile; fileRef = A835B7F72F4163A900B5320F /* ModelDownloadOverlay.swift */; };
		A896071D2F39AD0E002BC606 /* liboxcer_ffi.dylib in Copy Rust dylib */ = {isa = PBXBuildFile; fileRef = A896071C2F39AD0E002BC606 /* liboxcer_ffi.dylib */; settings = {ATTRIBUTES = (CodeSignOnCopy, ); }; };
		A8E1622D2F3A9C7900D8DB35 /* OxcerBackend.swift in Sources */ = {isa = PBXBuildFile; fileRef = A8E1622C2F3A9C7900D8DB35 /* OxcerBackend.swift */; };
		A8E162302F3AB20900D8DB35 /* oxcer_ffi.swift in Sources */ = {isa = PBXBuildFile; fileRef = A8E1622E2F3AB20900D8DB35 /* oxcer_ffi.swift */; };
		B10000000000000000000001 /* OxcerLauncherApp.swift in Sources */ = {isa = PBXBuildFile; fileRef = B20000000000000000000001 /* OxcerLauncherApp.swift */; };
		B10000000000000000000002 /* ContentView.swift in Sources */ = {isa = PBXBuildFile; fileRef = B20000000000000000000002 /* ContentView.swift */; };
		B10000000000000000000005 /* liboxcer_ffi.dylib in Frameworks */ = {isa = PBXBuildFile; fileRef = A896071C2F39AD0E002BC606 /* liboxcer_ffi.dylib */; };
		B10000000000000000000008 /* SettingsView.swift in Sources */ = {isa = PBXBuildFile; fileRef = B20000000000000000000008 /* SettingsView.swift */; };
		B10000000000000000000009 /* KeychainHelper.swift in Sources */ = {isa = PBXBuildFile; fileRef = B20000000000000000000009 /* KeychainHelper.swift */; };
		B1000000000000000000000A /* SessionModels.swift in Sources */ = {isa = PBXBuildFile; fileRef = B2000000000000000000000A /* SessionModels.swift */; };
		C10000000000000000000001 /* SwiftAgentExecutor.swift in Sources */ = {isa = PBXBuildFile; fileRef = C20000000000000000000001 /* SwiftAgentExecutor.swift */; };
/* End PBXBuildFile section */

/* Begin PBXCopyFilesBuildPhase section */
		A896071B2F39ACA9002BC606 /* Copy Rust dylib */ = {
			isa = PBXCopyFilesBuildPhase;
			buildActionMask = 2147483647;
			dstPath = "";
			dstSubfolderSpec = 13;
			files = (
				A896071D2F39AD0E002BC606 /* liboxcer_ffi.dylib in Copy Rust dylib */,
			);
			name = "Copy Rust dylib";
			runOnlyForDeploymentPostprocessing = 0;
		};
/* End PBXCopyFilesBuildPhase section */

/* Begin PBXFileReference section */
		A80100022F4A00020002 /* Assets.xcassets */ = {isa = PBXFileReference; lastKnownFileType = folder.assetcatalog; path = Assets.xcassets; sourceTree = "<group>"; };
		A835B7F52F4163A300B5320F /* ChatInputBar.swift */ = {isa = PBXFileReference; lastKnownFileType = sourcecode.swift; path = ChatInputBar.swift; sourceTree = "<group>"; };
		A835B7F72F4163A900B5320F /* ModelDownloadOverlay.swift */ = {isa = PBXFileReference; lastKnownFileType = sourcecode.swift; path = ModelDownloadOverlay.swift; sourceTree = "<group>"; };
		A896071C2F39AD0E002BC606 /* liboxcer_ffi.dylib */ = {isa = PBXFileReference; lastKnownFileType = "compiled.mach-o.dylib"; name = liboxcer_ffi.dylib; path = ../../target/release/liboxcer_ffi.dylib; sourceTree = "<group>"; };
		A8D4D8622F39A95800A4AA93 /* OxcerLauncherTests */ = {isa = PBXFileReference; lastKnownFileType = folder; path = OxcerLauncherTests; sourceTree = "<group>"; };
		A8E1622C2F3A9C7900D8DB35 /* OxcerBackend.swift */ = {isa = PBXFileReference; lastKnownFileType = sourcecode.swift; path = OxcerBackend.swift; sourceTree = "<group>"; };
		A8E1622E2F3AB20900D8DB35 /* oxcer_ffi.swift */ = {isa = PBXFileReference; lastKnownFileType = sourcecode.swift; path = oxcer_ffi.swift; sourceTree = "<group>"; };
		A8E1622F2F3AB20900D8DB35 /* oxcer_ffiFFI.h */ = {isa = PBXFileReference; lastKnownFileType = sourcecode.c.h; path = oxcer_ffiFFI.h; sourceTree = "<group>"; };
		B20000000000000000000001 /* OxcerLauncherApp.swift */ = {isa = PBXFileReference; lastKnownFileType = sourcecode.swift; path = OxcerLauncherApp.swift; sourceTree = "<group>"; };
		B20000000000000000000002 /* ContentView.swift */ = {isa = PBXFileReference; lastKnownFileType = sourcecode.swift; path = ContentView.swift; sourceTree = "<group>"; };
		B20000000000000000000005 /* OxcerLauncher.app */ = {isa = PBXFileReference; explicitFileType = wrapper.application; includeInIndex = 0; path = OxcerLauncher.app; sourceTree = BUILT_PRODUCTS_DIR; };
		B20000000000000000000007 /* OxcerLauncher-Bridging-Header.h */ = {isa = PBXFileReference; lastKnownFileType = sourcecode.c.h; path = "OxcerLauncher-Bridging-Header.h"; sourceTree = "<group>"; };
		B20000000000000000000008 /* SettingsView.swift */ = {isa = PBXFileReference; lastKnownFileType = sourcecode.swift; path = SettingsView.swift; sourceTree = "<group>"; };
		B20000000000000000000009 /* KeychainHelper.swift */ = {isa = PBXFileReference; lastKnownFileType = sourcecode.swift; path = KeychainHelper.swift; sourceTree = "<group>"; };
		B2000000000000000000000A /* SessionModels.swift */ = {isa = PBXFileReference; lastKnownFileType = sourcecode.swift; path = SessionModels.swift; sourceTree = "<group>"; };
		C20000000000000000000001 /* SwiftAgentExecutor.swift */ = {isa = PBXFileReference; lastKnownFileType = sourcecode.swift; path = SwiftAgentExecutor.swift; sourceTree = "<group>"; };
/* End PBXFileReference section */

/* Begin PBXFrameworksBuildPhase section */
		B40000000000000000000001 /* Frameworks */ = {
			isa = PBXFrameworksBuildPhase;
			buildActionMask = 2147483647;
			files = (
				B10000000000000000000005 /* liboxcer_ffi.dylib in Frameworks */,
			);
			runOnlyForDeploymentPostprocessing = 0;
		};
/* End PBXFrameworksBuildPhase section */

/* Begin PBXGroup section */
		B50000000000000000000001 = {
			isa = PBXGroup;
			children = (
				A8D4D8622F39A95800A4AA93 /* OxcerLauncherTests */,
				B50000000000000000000002 /* OxcerLauncher */,
				B50000000000000000000003 /* Products */,
				B50000000000000000000004,
			);
			sourceTree = "<group>";
		};
		B50000000000000000000002 /* OxcerLauncher */ = {
			isa = PBXGroup;
			children = (
				A80100022F4A00020002 /* Assets.xcassets */,
				A8E1622E2F3AB20900D8DB35 /* oxcer_ffi.swift */,
				A8E1622F2F3AB20900D8DB35 /* oxcer_ffiFFI.h */,
				A8E1622C2F3A9C7900D8DB35 /* OxcerBackend.swift */,
				B20000000000000000000001 /* OxcerLauncherApp.swift */,
				A835B7F52F4163A300B5320F /* ChatInputBar.swift */,
				A835B7F72F4163A900B5320F /* ModelDownloadOverlay.swift */,
				B20000000000000000000002 /* ContentView.swift */,
				B2000000000000000000000A /* SessionModels.swift */,
				B20000000000000000000008 /* SettingsView.swift */,
				B20000000000000000000009 /* KeychainHelper.swift */,
				C20000000000000000000001 /* SwiftAgentExecutor.swift */,
				B20000000000000000000007 /* OxcerLauncher-Bridging-Header.h */,
			);
			path = OxcerLauncher;
			sourceTree = "<group>";
		};
		B50000000000000000000003 /* Products */ = {
			isa = PBXGroup;
			children = (
				B20000000000000000000005 /* OxcerLauncher.app */,
			);
			name = Products;
			sourceTree = "<group>";
		};
		B50000000000000000000004 = {
			isa = PBXGroup;
			children = (
				A896071C2F39AD0E002BC606 /* liboxcer_ffi.dylib */,
			);
			sourceTree = "<group>";
		};
/* End PBXGroup section */

/* Begin PBXNativeTarget section */
		B60000000000000000000001 /* OxcerLauncher */ = {
			isa = PBXNativeTarget;
			buildConfigurationList = B70000000000000000000002 /* Build configuration list for PBXNativeTarget "OxcerLauncher" */;
			buildPhases = (
				B30000000000000000000002 /* Build Rust dylib */,
				B40000000000000000000002 /* Sources */,
				B40000000000000000000001 /* Frameworks */,
				B40000000000000000000003 /* Resources */,
				A896071B2F39ACA9002BC606 /* Copy Rust dylib */,
			);
			buildRules = (
			);
			dependencies = (
			);
			name = OxcerLauncher;
			productName = OxcerLauncher;
			productReference = B20000000000000000000005 /* OxcerLauncher.app */;
			productType = "com.apple.product-type.application";
		};
/* End PBXNativeTarget section */

/* Begin PBXProject section */
		B80000000000000000000001 /* Project object */ = {
			isa = PBXProject;
			attributes = {
				BuildIndependentTargets = 1;
				BuildIndependentTargetsInParallel = YES;
				LastSwiftUpdateCheck = 1500;
				LastUpgradeCheck = 2620;
			};
			buildConfigurationList = B70000000000000000000001 /* Build configuration list for PBXProject "OxcerLauncher" */;
			compatibilityVersion = "Xcode 14.0";
			developmentRegion = en;
			hasScannedForEncodings = 0;
			knownRegions = (
				en,
				Base,
			);
			mainGroup = B50000000000000000000001;
			productRefGroup = B50000000000000000000003 /* Products */;
			projectDirPath = "";
			projectRoot = "";
			targets = (
				B60000000000000000000001 /* OxcerLauncher */,
			);
		};
/* End PBXProject section */

/* Begin PBXResourcesBuildPhase section */
		B40000000000000000000003 /* Resources */ = {
			isa = PBXResourcesBuildPhase;
			buildActionMask = 2147483647;
			files = (
				A80100012F4A00010001 /* Assets.xcassets in Resources */,
			);
			runOnlyForDeploymentPostprocessing = 0;
		};
/* End PBXResourcesBuildPhase section */

/* Begin PBXShellScriptBuildPhase section */
		B30000000000000000000002 /* Build Rust dylib */ = {
			isa = PBXShellScriptBuildPhase;
			buildActionMask = 2147483647;
			files = (
			);
			inputPaths = (
			);
			name = "Build Rust dylib";
			outputPaths = (
				"$(PROJECT_DIR)/../../target/release/liboxcer_ffi.dylib",
			);
			runOnlyForDeploymentPostprocessing = 0;
			shellPath = /bin/sh;
			shellScript = "# 1. Load Rust environment variables if present (Best practice)\nif [ -f \"$HOME/.cargo/env\" ]; then\n    . \"$HOME/.cargo/env\"\nfi\n\n# 2. Manually append PATH just in case (Support for Apple Silicon & Intel Macs)\nexport PATH=\"$HOME/.cargo/bin:/opt/homebrew/bin:/usr/local/bin:$PATH\"\n\n# 3. Navigate to the project root (oxcer/)\n# (Move up 2 levels from apps/OxcerLauncher to reach oxcer/)\ncd \"${PROJECT_DIR}/../..\"\n\n# 4. Debug: Print current working directory to the build log\necho \"My Lord, I am currently at: $(pwd)\"\n\n# 5. Execute Rust build (Build fails if this step fails)\ncargo build --release -p oxcer_ffi\n";
			showEnvVarsInLog = 0;
		};
/* End PBXShellScriptBuildPhase section */

/* Begin PBXSourcesBuildPhase section */
		B40000000000000000000002 /* Sources */ = {
			isa = PBXSourcesBuildPhase;
			buildActionMask = 2147483647;
			files = (
				A835B7F82F4163A900B5320F /* ModelDownloadOverlay.swift in Sources */,
				B10000000000000000000001 /* OxcerLauncherApp.swift in Sources */,
				B10000000000000000000002 /* ContentView.swift in Sources */,
				B10000000000000000000008 /* SettingsView.swift in Sources */,
				B10000000000000000000009 /* KeychainHelper.swift in Sources */,
				B1000000000000000000000A /* SessionModels.swift in Sources */,
				A835B7F62F4163A300B5320F /* ChatInputBar.swift in Sources */,
				A8E1622D2F3A9C7900D8DB35 /* OxcerBackend.swift in Sources */,
				C10000000000000000000001 /* SwiftAgentExecutor.swift in Sources */,
				A8E162302F3AB20900D8DB35 /* oxcer_ffi.swift in Sources */,
			);
			runOnlyForDeploymentPostprocessing = 0;
		};
/* End PBXSourcesBuildPhase section */

/* Begin XCBuildConfiguration section */
		B90000000000000000000001 /* Debug */ = {
			isa = XCBuildConfiguration;
			buildSettings = {
				ALWAYS_SEARCH_USER_PATHS = NO;
				ASSETCATALOG_COMPILER_GENERATE_SWIFT_ASSET_SYMBOL_EXTENSIONS = YES;
				CLANG_ANALYZER_NONNULL = YES;
				CLANG_ENABLE_MODULES = YES;
				CLANG_ENABLE_OBJC_ARC = YES;
				CLANG_WARN_BLOCK_CAPTURE_AUTORELEASING = YES;
				CLANG_WARN_BOOL_CONVERSION = YES;
				CLANG_WARN_COMMA = YES;
				CLANG_WARN_CONSTANT_CONVERSION = YES;
				CLANG_WARN_DEPRECATED_OBJC_IMPLEMENTATIONS = YES;
				CLANG_WARN_EMPTY_BODY = YES;
				CLANG_WARN_ENUM_CONVERSION = YES;
				CLANG_WARN_INFINITE_RECURSION = YES;
				CLANG_WARN_INT_CONVERSION = YES;
				CLANG_WARN_NON_LITERAL_NULL_CONVERSION = YES;
				CLANG_WARN_OBJC_IMPLICIT_RETAIN_SELF = YES;
				CLANG_WARN_OBJC_LITERAL_CONVERSION = YES;
				CLANG_WARN_QUOTED_INCLUDE_IN_FRAMEWORK_HEADER = YES;
				CLANG_WARN_RANGE_LOOP_ANALYSIS = YES;
				CLANG_WARN_STRICT_PROTOTYPES = YES;
				CLANG_WARN_SUSPICIOUS_MOVE = YES;
				CLANG_WARN_UNREACHABLE_CODE = YES;
				CLANG_WARN__DUPLICATE_METHOD_MATCH = YES;
				COPY_PHASE_STRIP = NO;
				DEAD_CODE_STRIPPING = YES;
				DEBUG_INFORMATION_FORMAT = dwarf;
				ENABLE_STRICT_OBJC_MSGSEND = YES;
				ENABLE_TESTABILITY = YES;
				ENABLE_USER_SCRIPT_SANDBOXING = YES;
				GCC_DYNAMIC_NO_PIC = NO;
				GCC_NO_COMMON_BLOCKS = YES;
				GCC_OPTIMIZATION_LEVEL = 0;
				GCC_PREPROCESSOR_DEFINITIONS = (
					"DEBUG=1",
					"$(inherited)",
				);
				GCC_WARN_64_TO_32_BIT_CONVERSION = YES;
				GCC_WARN_ABOUT_RETURN_TYPE = YES;
				GCC_WARN_UNDECLARED_SELECTOR = YES;
				GCC_WARN_UNINITIALIZED_AUTOS = YES;
				GCC_WARN_UNUSED_FUNCTION = YES;
				GCC_WARN_UNUSED_VARIABLE = YES;
				MACOSX_DEPLOYMENT_TARGET = 14.0;
				MTL_ENABLE_DEBUG_INFO = INCLUDE_SOURCE;
				MTL_FAST_MATH = YES;
				ONLY_ACTIVE_ARCH = YES;
				SDKROOT = macosx;
				STRING_CATALOG_GENERATE_SYMBOLS = YES;
				SWIFT_ACTIVE_COMPILATION_CONDITIONS = "DEBUG $(inherited)";
				SWIFT_OPTIMIZATION_LEVEL = "-Onone";
			};
			name = Debug;
		};
		B90000000000000000000002 /* Release */ = {
			isa = XCBuildConfiguration;
			buildSettings = {
				ALWAYS_SEARCH_USER_PATHS = NO;
				ASSETCATALOG_COMPILER_GENERATE_SWIFT_ASSET_SYMBOL_EXTENSIONS = YES;
				CLANG_ANALYZER_NONNULL = YES;
				CLANG_ENABLE_MODULES = YES;
				CLANG_ENABLE_OBJC_ARC = YES;
				CLANG_WARN_BLOCK_CAPTURE_AUTORELEASING = YES;
				CLANG_WARN_BOOL_CONVERSION = YES;
				CLANG_WARN_COMMA = YES;
				CLANG_WARN_CONSTANT_CONVERSION = YES;
				CLANG_WARN_DEPRECATED_OBJC_IMPLEMENTATIONS = YES;
				CLANG_WARN_EMPTY_BODY = YES;
				CLANG_WARN_ENUM_CONVERSION = YES;
				CLANG_WARN_INFINITE_RECURSION = YES;
				CLANG_WARN_INT_CONVERSION = YES;
				CLANG_WARN_NON_LITERAL_NULL_CONVERSION = YES;
				CLANG_WARN_OBJC_IMPLICIT_RETAIN_SELF = YES;
				CLANG_WARN_OBJC_LITERAL_CONVERSION = YES;
				CLANG_WARN_QUOTED_INCLUDE_IN_FRAMEWORK_HEADER = YES;
				CLANG_WARN_RANGE_LOOP_ANALYSIS = YES;
				CLANG_WARN_STRICT_PROTOTYPES = YES;
				CLANG_WARN_SUSPICIOUS_MOVE = YES;
				CLANG_WARN_UNREACHABLE_CODE = YES;
				CLANG_WARN__DUPLICATE_METHOD_MATCH = YES;
				COPY_PHASE_STRIP = NO;
				DEAD_CODE_STRIPPING = YES;
				DEBUG_INFORMATION_FORMAT = "dwarf-with-dsym";
				ENABLE_NS_ASSERTIONS = NO;
				ENABLE_STRICT_OBJC_MSGSEND = YES;
				ENABLE_USER_SCRIPT_SANDBOXING = YES;
				GCC_NO_COMMON_BLOCKS = YES;
				GCC_OPTIMIZATION_LEVEL = s;
				GCC_WARN_64_TO_32_BIT_CONVERSION = YES;
				GCC_WARN_ABOUT_RETURN_TYPE = YES;
				GCC_WARN_UNDECLARED_SELECTOR = YES;
				GCC_WARN_UNINITIALIZED_AUTOS = YES;
				GCC_WARN_UNUSED_FUNCTION = YES;
				GCC_WARN_UNUSED_VARIABLE = YES;
				MACOSX_DEPLOYMENT_TARGET = 14.0;
				MTL_ENABLE_DEBUG_INFO = NO;
				MTL_FAST_MATH = YES;
				SDKROOT = macosx;
				STRING_CATALOG_GENERATE_SYMBOLS = YES;
				SWIFT_COMPILATION_MODE = wholemodule;
			};
			name = Release;
		};
		B90000000000000000000003 /* Debug */ = {
			isa = XCBuildConfiguration;
			buildSettings = {
				ASSETCATALOG_COMPILER_APPICON_NAME = AppIcon;
				ASSETCATALOG_COMPILER_GLOBAL_ACCENT_COLOR_NAME = "";
				ASSETCATALOG_COMPILER_INCLUDE_ALL_APPICON_ASSETS = YES;
				CODE_SIGN_ENTITLEMENTS = "";
				CODE_SIGN_STYLE = Automatic;
				COMBINE_HIDPI_IMAGES = YES;
				CURRENT_PROJECT_VERSION = 1;
				DEAD_CODE_STRIPPING = YES;
				DEVELOPMENT_ASSET_PATHS = "";
				ENABLE_PREVIEWS = YES;
				ENABLE_USER_SCRIPT_SANDBOXING = NO;
				GENERATE_INFOPLIST_FILE = YES;
				INFOPLIST_KEY_NSHumanReadableCopyright = "";
				LD_RUNPATH_SEARCH_PATHS = (
					"$(inherited)",
					"@executable_path/../PlugIns",
				);
				LIBRARY_SEARCH_PATHS = /Users/lucasmac/Documents/GitHub/OpenSource/oxcer/target/release;
				MARKETING_VERSION = 1.0;
				ONLY_ACTIVE_ARCH = YES;
				PRODUCT_BUNDLE_IDENTIFIER = com.oxcer.launcher;
				PRODUCT_NAME = "$(TARGET_NAME)";
				SWIFT_EMIT_LOC_STRINGS = YES;
				SWIFT_OBJC_BRIDGING_HEADER = "OxcerLauncher/OxcerLauncher-Bridging-Header.h";
				SWIFT_VERSION = 5.0;
			};
			name = Debug;
		};
		B90000000000000000000004 /* Release */ = {
			isa = XCBuildConfiguration;
			buildSettings = {
				ASSETCATALOG_COMPILER_APPICON_NAME = AppIcon;
				ASSETCATALOG_COMPILER_GLOBAL_ACCENT_COLOR_NAME = "";
				ASSETCATALOG_COMPILER_INCLUDE_ALL_APPICON_ASSETS = YES;
				CODE_SIGN_ENTITLEMENTS = "";
				CODE_SIGN_STYLE = Automatic;
				COMBINE_HIDPI_IMAGES = YES;
				CURRENT_PROJECT_VERSION = 1;
				DEAD_CODE_STRIPPING = YES;
				DEVELOPMENT_ASSET_PATHS = "";
				ENABLE_PREVIEWS = YES;
				ENABLE_USER_SCRIPT_SANDBOXING = NO;
				GENERATE_INFOPLIST_FILE = YES;
				INFOPLIST_KEY_NSHumanReadableCopyright = "";
				LD_RUNPATH_SEARCH_PATHS = (
					"$(inherited)",
					"@executable_path/../PlugIns",
				);
				LIBRARY_SEARCH_PATHS = /Users/lucasmac/Documents/GitHub/OpenSource/oxcer/target/release;
				MARKETING_VERSION = 1.0;
				PRODUCT_BUNDLE_IDENTIFIER = com.oxcer.launcher;
				PRODUCT_NAME = "$(TARGET_NAME)";
				SWIFT_EMIT_LOC_STRINGS = YES;
				SWIFT_OBJC_BRIDGING_HEADER = "OxcerLauncher/OxcerLauncher-Bridging-Header.h";
				SWIFT_VERSION = 5.0;
			};
			name = Release;
		};
/* End XCBuildConfiguration section */

/* Begin XCConfigurationList section */
		B70000000000000000000001 /* Build configuration list for PBXProject "OxcerLauncher" */ = {
			isa = XCConfigurationList;
			buildConfigurations = (
				B90000000000000000000001 /* Debug */,
				B90000000000000000000002 /* Release */,
			);
			defaultConfigurationIsVisible = 0;
			defaultConfigurationName = Release;
		};
		B70000000000000000000002 /* Build configuration list for PBXNativeTarget "OxcerLauncher" */ = {
			isa = XCConfigurationList;
			buildConfigurations = (
				B90000000000000000000003 /* Debug */,
				B90000000000000000000004 /* Release */,
			);
			defaultConfigurationIsVisible = 0;
			defaultConfigurationName = Release;
		};
/* End XCConfigurationList section */
	};
	rootObject = B80000000000000000000001 /* Project object */;
}
